
Microsoft Visual Studio Solution File, Format Version 12.00
# Visual Studio Version 17
VisualStudioVersion = 17.14.36301.6 d17.14
MinimumVisualStudioVersion = 10.0.40219.1
Project("{FAE04EC0-301F-11D3-BF4B-00C04F79EFBC}") = "DesignPattern-Strategy", "DesignPattern-Strategy\DesignPattern-Strategy.csproj", "{BE9C34F4-DEE9-45CE-84E0-194150466D65}"
EndProject
Global
	GlobalSection(SolutionConfigurationPlatforms) = preSolution
		Debug|Any CPU = Debug|Any CPU
		Release|Any CPU = Release|Any CPU
	EndGlobalSection
	GlobalSection(ProjectConfigurationPlatforms) = postSolution
		{BE9C34F4-DEE9-45CE-84E0-194150466D65}.Debug|Any CPU.ActiveCfg = Debug|Any CPU
		{BE9C34F4-DEE9-45CE-84E0-194150466D65}.Debug|Any CPU.Build.0 = Debug|Any CPU
		{BE9C34F4-DEE9-45CE-84E0-194150466D65}.Release|Any CPU.ActiveCfg = Release|Any CPU
		{BE9C34F4-DEE9-45CE-84E0-194150466D65}.Release|Any CPU.Build.0 = Release|Any CPU
	EndGlobalSection
	GlobalSection(SolutionProperties) = preSolution
		HideSolutionNode = FALSE
	EndGlobalSection
	GlobalSection(ExtensibilityGlobals) = postSolution
		SolutionGuid = {60367535-809A-4547-883F-F2D7A448209E}
	EndGlobalSection
EndGlobal
